{
  "name": "react-kavia",
  "version": "0.1.0",
  "lockfileVersion": 3,
  "requires": true,
  "packages": {
    "": {
      "name": "react-kavia",
      "version": "0.1.0",
      "private": true,
      "dependencies": {
        "react": "^18.2.0",
        "react-dom": "^18.2.0",
        "react-router-dom": "^6.30.1",
        "react-scripts": "^5.0.1"
      },
      "devDependencies": {
        "cross-env": "^7.0.3"
      }
    },
    "node_modules/@alloc/quick-lru": {
      "version": "5.2.0",
      "resolved": "https://registry.npmjs.org/@alloc/quick-lru/-/quick-lru-5.2.0.tgz",
      "integrity": "sha512-UrcABB+4bUrFABwRlJjV6Q8/3FQpykL6ADu6Ihd5F/0VRq70lZw8XwcQh9h7B3JEju1YPbwHoax6LZp2h+Kh/g==",
      "engines": {
        "node": ">=10"
      },
      "funding": {
        "url": "https://github.com/sponsors/sindresorhus"
      }
    }
  }
}
